PODS:
  - dchs_motion_sensors (0.0.1):
    - Flutter
  - Flutter (1.0.0)
  - rive_native (0.0.1):
    - Flutter
  - shared_preferences_foundation (0.0.1):
    - Flutter
    - FlutterMacOS

DEPENDENCIES:
  - dchs_motion_sensors (from `.symlinks/plugins/dchs_motion_sensors/ios`)
  - Flutter (from `Flutter`)
  - rive_native (from `.symlinks/plugins/rive_native/ios`)
  - shared_preferences_foundation (from `.symlinks/plugins/shared_preferences_foundation/darwin`)

EXTERNAL SOURCES:
  dchs_motion_sensors:
    :path: ".symlinks/plugins/dchs_motion_sensors/ios"
  Flutter:
    :path: Flutter
  rive_native:
    :path: ".symlinks/plugins/rive_native/ios"
  shared_preferences_foundation:
    :path: ".symlinks/plugins/shared_preferences_foundation/darwin"

SPEC CHECKSUMS:
  dchs_motion_sensors: 1225b0995751d926daff45544e00a256f543065c
  Flutter: 71a624a5bc0c04062bf19101d501e466baf2fb47
  rive_native: c8fbe631855835dc84f7d59befcdb43de3ac48d4
  shared_preferences_foundation: 7036424c3d8ec98dfe75ff1667cb0cd531ec82bb

PODFILE CHECKSUM: 3ba3a73b1b12adcf321a227a745625fe0888cc82

COCOAPODS: 1.16.2
